
Microsoft Visual Studio Solution File, Format Version 12.00
# Visual Studio Version 16
VisualStudioVersion = 16.0.34114.132
MinimumVisualStudioVersion = 10.0.40219.1
Project("{FAE04EC0-301F-11D3-BF4B-00C04F79EFBC}") = "form1", "form1\form1.csproj", "{2A78371F-BEBF-4301-8AF8-B3028B1EF0A9}"
EndProject
Project("{2150E333-8FDC-42A3-9474-1A3956D46DE8}") = "Solution Items", "Solution Items", "{B97BF4E9-27ED-4429-9FDA-F4485987209E}"
	ProjectSection(SolutionItems) = preProject
		..\..\..\Desktop\mavi_ucgen.jpg = ..\..\..\Desktop\mavi_ucgen.jpg
		..\..\..\Desktop\mor_daire.jpg = ..\..\..\Desktop\mor_daire.jpg
		..\..\..\Desktop\sarı_kare.jpg = ..\..\..\Desktop\sarı_kare.jpg
		..\..\..\Desktop\yesil_besgen.jpg = ..\..\..\Desktop\yesil_besgen.jpg
	EndProjectSection
EndProject
Global
	GlobalSection(SolutionConfigurationPlatforms) = preSolution
		Debug|Any CPU = Debug|Any CPU
		Release|Any CPU = Release|Any CPU
	EndGlobalSection
	GlobalSection(ProjectConfigurationPlatforms) = postSolution
		{2A78371F-BEBF-4301-8AF8-B3028B1EF0A9}.Debug|Any CPU.ActiveCfg = Debug|Any CPU
		{2A78371F-BEBF-4301-8AF8-B3028B1EF0A9}.Debug|Any CPU.Build.0 = Debug|Any CPU
		{2A78371F-BEBF-4301-8AF8-B3028B1EF0A9}.Release|Any CPU.ActiveCfg = Release|Any CPU
		{2A78371F-BEBF-4301-8AF8-B3028B1EF0A9}.Release|Any CPU.Build.0 = Release|Any CPU
	EndGlobalSection
	GlobalSection(SolutionProperties) = preSolution
		HideSolutionNode = FALSE
	EndGlobalSection
	GlobalSection(ExtensibilityGlobals) = postSolution
		SolutionGuid = {93D17C3E-7637-4E90-8CB5-34F2770FED69}
	EndGlobalSection
EndGlobal
